
Microsoft Visual Studio Solution File, Format Version 12.00
# Visual Studio Version 17
VisualStudioVersion = 17.14.36717.8 d17.14
MinimumVisualStudioVersion = 10.0.40219.1
Project("{FAE04EC0-301F-11D3-BF4B-00C04F79EFBC}") = "GitUpdater", "GitUpdater\GitUpdater.csproj", "{DD562A50-30DE-7EF1-06C0-98DF8056F295}"
EndProject
Project("{FAE04EC0-301F-11D3-BF4B-00C04F79EFBC}") = "GitUpdater.AppHost", "GitUpdater.AppHost\GitUpdater.AppHost.csproj", "{62861AAA-0BAD-42D3-AAF5-034C556ABE42}"
EndProject
Project("{FAE04EC0-301F-11D3-BF4B-00C04F79EFBC}") = "GitUpdater.ServiceDefaults", "GitUpdater.ServiceDefaults\GitUpdater.ServiceDefaults.csproj", "{673E39EB-760F-654A-AAE7-48CCD8F8B1AB}"
EndProject
Global
	GlobalSection(SolutionConfigurationPlatforms) = preSolution
		Debug|Any CPU = Debug|Any CPU
		Release|Any CPU = Release|Any CPU
	EndGlobalSection
	GlobalSection(ProjectConfigurationPlatforms) = postSolution
		{DD562A50-30DE-7EF1-06C0-98DF8056F295}.Debug|Any CPU.ActiveCfg = Debug|Any CPU
		{DD562A50-30DE-7EF1-06C0-98DF8056F295}.Debug|Any CPU.Build.0 = Debug|Any CPU
		{DD562A50-30DE-7EF1-06C0-98DF8056F295}.Release|Any CPU.ActiveCfg = Release|Any CPU
		{DD562A50-30DE-7EF1-06C0-98DF8056F295}.Release|Any CPU.Build.0 = Release|Any CPU
		{62861AAA-0BAD-42D3-AAF5-034C556ABE42}.Debug|Any CPU.ActiveCfg = Debug|Any CPU
		{62861AAA-0BAD-42D3-AAF5-034C556ABE42}.Debug|Any CPU.Build.0 = Debug|Any CPU
		{62861AAA-0BAD-42D3-AAF5-034C556ABE42}.Release|Any CPU.ActiveCfg = Release|Any CPU
		{62861AAA-0BAD-42D3-AAF5-034C556ABE42}.Release|Any CPU.Build.0 = Release|Any CPU
		{673E39EB-760F-654A-AAE7-48CCD8F8B1AB}.Debug|Any CPU.ActiveCfg = Debug|Any CPU
		{673E39EB-760F-654A-AAE7-48CCD8F8B1AB}.Debug|Any CPU.Build.0 = Debug|Any CPU
		{673E39EB-760F-654A-AAE7-48CCD8F8B1AB}.Release|Any CPU.ActiveCfg = Release|Any CPU
		{673E39EB-760F-654A-AAE7-48CCD8F8B1AB}.Release|Any CPU.Build.0 = Release|Any CPU
	EndGlobalSection
	GlobalSection(SolutionProperties) = preSolution
		HideSolutionNode = FALSE
	EndGlobalSection
	GlobalSection(ExtensibilityGlobals) = postSolution
		SolutionGuid = {E6F36B89-2808-4A38-A232-C0DCBD3CEFC8}
	EndGlobalSection
EndGlobal
